
Microsoft Visual Studio Solution File, Format Version 12.00
# Visual Studio Version 17
VisualStudioVersion = 17.9.34607.119
MinimumVisualStudioVersion = 10.0.40219.1
Project("{FAE04EC0-301F-11D3-BF4B-00C04F79EFBC}") = "Risko", "Risko\Risko.csproj", "{C5B05B8D-2D08-4DEC-A677-A17EA7342E5E}"
EndProject
Global
	GlobalSection(SolutionConfigurationPlatforms) = preSolution
		Debug|Any CPU = Debug|Any CPU
		Release|Any CPU = Release|Any CPU
	EndGlobalSection
	GlobalSection(ProjectConfigurationPlatforms) = postSolution
		{C5B05B8D-2D08-4DEC-A677-A17EA7342E5E}.Debug|Any CPU.ActiveCfg = Debug|Any CPU
		{C5B05B8D-2D08-4DEC-A677-A17EA7342E5E}.Debug|Any CPU.Build.0 = Debug|Any CPU
		{C5B05B8D-2D08-4DEC-A677-A17EA7342E5E}.Release|Any CPU.ActiveCfg = Release|Any CPU
		{C5B05B8D-2D08-4DEC-A677-A17EA7342E5E}.Release|Any CPU.Build.0 = Release|Any CPU
	EndGlobalSection
	GlobalSection(SolutionProperties) = preSolution
		HideSolutionNode = FALSE
	EndGlobalSection
	GlobalSection(ExtensibilityGlobals) = postSolution
		SolutionGuid = {3A76F810-EBAA-4F91-9301-49DA94BC5188}
	EndGlobalSection
EndGlobal
